
Microsoft Visual Studio Solution File, Format Version 12.00
# Visual Studio 15
VisualStudioVersion = 15.0.28307.329
MinimumVisualStudioVersion = 10.0.40219.1
Project("{FAE04EC0-301F-11D3-BF4B-00C04F79EFBC}") = "RecipeRESTFull", "RecipeRESTFull\RecipeRESTFull.csproj", "{4D68FEB2-0046-4694-B377-45E0A3494A3D}"
EndProject
Global
	GlobalSection(SolutionConfigurationPlatforms) = preSolution
		Debug|Any CPU = Debug|Any CPU
		Release|Any CPU = Release|Any CPU
	EndGlobalSection
	GlobalSection(ProjectConfigurationPlatforms) = postSolution
		{4D68FEB2-0046-4694-B377-45E0A3494A3D}.Debug|Any CPU.ActiveCfg = Debug|Any CPU
		{4D68FEB2-0046-4694-B377-45E0A3494A3D}.Debug|Any CPU.Build.0 = Debug|Any CPU
		{4D68FEB2-0046-4694-B377-45E0A3494A3D}.Release|Any CPU.ActiveCfg = Release|Any CPU
		{4D68FEB2-0046-4694-B377-45E0A3494A3D}.Release|Any CPU.Build.0 = Release|Any CPU
	EndGlobalSection
	GlobalSection(SolutionProperties) = preSolution
		HideSolutionNode = FALSE
	EndGlobalSection
	GlobalSection(ExtensibilityGlobals) = postSolution
		SolutionGuid = {9911F404-58C7-46A9-925A-D0400CFA6796}
	EndGlobalSection
EndGlobal
